
Microsoft Visual Studio Solution File, Format Version 12.00
# Visual Studio Version 17
VisualStudioVersion = 17.0.32126.317
MinimumVisualStudioVersion = 10.0.40219.1
Project("{9A19103F-16F7-4668-BE54-9A1E7A4F7556}") = "CardPrinter.Console", "src\CardPrinter.Console\CardPrinter.Console.csproj", "{0B9D24D7-3941-4A12-8DDB-DE7EA7CDD6CD}"
EndProject
Global
	GlobalSection(SolutionConfigurationPlatforms) = preSolution
		Debug|Any CPU = Debug|Any CPU
		Release|Any CPU = Release|Any CPU
	EndGlobalSection
	GlobalSection(ProjectConfigurationPlatforms) = postSolution
		{0B9D24D7-3941-4A12-8DDB-DE7EA7CDD6CD}.Debug|Any CPU.ActiveCfg = Debug|Any CPU
		{0B9D24D7-3941-4A12-8DDB-DE7EA7CDD6CD}.Debug|Any CPU.Build.0 = Debug|Any CPU
		{0B9D24D7-3941-4A12-8DDB-DE7EA7CDD6CD}.Release|Any CPU.ActiveCfg = Release|Any CPU
		{0B9D24D7-3941-4A12-8DDB-DE7EA7CDD6CD}.Release|Any CPU.Build.0 = Release|Any CPU
	EndGlobalSection
	GlobalSection(SolutionProperties) = preSolution
		HideSolutionNode = FALSE
	EndGlobalSection
	GlobalSection(ExtensibilityGlobals) = postSolution
		SolutionGuid = {91A2752E-D540-478D-8396-CA0E10F9E810}
	EndGlobalSection
EndGlobal
